
Microsoft Visual Studio Solution File, Format Version 12.00
# Visual Studio 14
VisualStudioVersion = 14.0.23107.0
MinimumVisualStudioVersion = 10.0.40219.1
Project("{FAE04EC0-301F-11D3-BF4B-00C04F79EFBC}") = "21Games", "21Games\21Games.csproj", "{193093FD-345C-41E6-84AC-C91DCE8E6DD8}"
EndProject
Project("{FAE04EC0-301F-11D3-BF4B-00C04F79EFBC}") = "DAL", "DAL\DAL.csproj", "{16569098-FF29-4174-BE3D-5B2211BD4C83}"
EndProject
Project("{FAE04EC0-301F-11D3-BF4B-00C04F79EFBC}") = "WebApiServices", "WebApiServices\WebApiServices.csproj", "{E148BF78-9DA9-4D80-A70E-92F025537446}"
EndProject
Global
	GlobalSection(SolutionConfigurationPlatforms) = preSolution
		Debug|Any CPU = Debug|Any CPU
		Release|Any CPU = Release|Any CPU
	EndGlobalSection
	GlobalSection(ProjectConfigurationPlatforms) = postSolution
		{193093FD-345C-41E6-84AC-C91DCE8E6DD8}.Debug|Any CPU.ActiveCfg = Debug|Any CPU
		{193093FD-345C-41E6-84AC-C91DCE8E6DD8}.Debug|Any CPU.Build.0 = Debug|Any CPU
		{193093FD-345C-41E6-84AC-C91DCE8E6DD8}.Release|Any CPU.ActiveCfg = Release|Any CPU
		{193093FD-345C-41E6-84AC-C91DCE8E6DD8}.Release|Any CPU.Build.0 = Release|Any CPU
		{16569098-FF29-4174-BE3D-5B2211BD4C83}.Debug|Any CPU.ActiveCfg = Debug|Any CPU
		{16569098-FF29-4174-BE3D-5B2211BD4C83}.Debug|Any CPU.Build.0 = Debug|Any CPU
		{16569098-FF29-4174-BE3D-5B2211BD4C83}.Release|Any CPU.ActiveCfg = Release|Any CPU
		{16569098-FF29-4174-BE3D-5B2211BD4C83}.Release|Any CPU.Build.0 = Release|Any CPU
		{E148BF78-9DA9-4D80-A70E-92F025537446}.Debug|Any CPU.ActiveCfg = Debug|Any CPU
		{E148BF78-9DA9-4D80-A70E-92F025537446}.Debug|Any CPU.Build.0 = Debug|Any CPU
		{E148BF78-9DA9-4D80-A70E-92F025537446}.Release|Any CPU.ActiveCfg = Release|Any CPU
		{E148BF78-9DA9-4D80-A70E-92F025537446}.Release|Any CPU.Build.0 = Release|Any CPU
	EndGlobalSection
	GlobalSection(SolutionProperties) = preSolution
		HideSolutionNode = FALSE
	EndGlobalSection
	GlobalSection(TeamFoundationVersionControl) = preSolution
		SccNumberOfProjects = 4
		SccEnterpriseProvider = {4CA58AB2-18FA-4F8D-95D4-32DDF27D184C}
		SccTeamFoundationServer = https://borakasmer.visualstudio.com/defaultcollection
		SccLocalPath0 = .
		SccProjectUniqueName1 = 21Games\\21Games.csproj
		SccProjectName1 = 21Games
		SccLocalPath1 = 21Games
		SccProjectUniqueName2 = DAL\\DAL.csproj
		SccProjectName2 = DAL
		SccLocalPath2 = DAL
		SccProjectUniqueName3 = WebApiServices\\WebApiServices.csproj
		SccProjectName3 = WebApiServices
		SccLocalPath3 = WebApiServices
	EndGlobalSection
EndGlobal
